
Microsoft Visual Studio Solution File, Format Version 12.00
# Visual Studio Version 17
VisualStudioVersion = 17.1.32414.318
MinimumVisualStudioVersion = 10.0.40219.1
Project("{FAE04EC0-301F-11D3-BF4B-00C04F79EFBC}") = "EFCoreGame", "EFCoreGame\EFCoreGame.csproj", "{03FA887D-98EB-4FCD-BC8C-CB1D73E99365}"
EndProject
Global
	GlobalSection(SolutionConfigurationPlatforms) = preSolution
		Debug|Any CPU = Debug|Any CPU
		Release|Any CPU = Release|Any CPU
	EndGlobalSection
	GlobalSection(ProjectConfigurationPlatforms) = postSolution
		{03FA887D-98EB-4FCD-BC8C-CB1D73E99365}.Debug|Any CPU.ActiveCfg = Debug|Any CPU
		{03FA887D-98EB-4FCD-BC8C-CB1D73E99365}.Debug|Any CPU.Build.0 = Debug|Any CPU
		{03FA887D-98EB-4FCD-BC8C-CB1D73E99365}.Release|Any CPU.ActiveCfg = Release|Any CPU
		{03FA887D-98EB-4FCD-BC8C-CB1D73E99365}.Release|Any CPU.Build.0 = Release|Any CPU
	EndGlobalSection
	GlobalSection(SolutionProperties) = preSolution
		HideSolutionNode = FALSE
	EndGlobalSection
	GlobalSection(ExtensibilityGlobals) = postSolution
		SolutionGuid = {02C27693-D1A8-42CD-BE99-E2D9243182CE}
	EndGlobalSection
EndGlobal
